
Microsoft Visual Studio Solution File, Format Version 12.00
# Visual Studio for Mac
Project("{FAE04EC0-301F-11D3-BF4B-00C04F79EFBC}") = "Assembly-CSharp", "Assembly-CSharp.csproj", "{C60E0B49-7030-8890-7F15-57CD1622EE65}"
EndProject
Project("{FAE04EC0-301F-11D3-BF4B-00C04F79EFBC}") = "Assembly-CSharp-Editor-firstpass", "Assembly-CSharp-Editor-firstpass.csproj", "{86E24E52-1097-DA2D-303A-CECED9A6FB6F}"
EndProject
Global
	GlobalSection(SolutionConfigurationPlatforms) = preSolution
		Debug|Any CPU = Debug|Any CPU
		Release|Any CPU = Release|Any CPU
	EndGlobalSection
	GlobalSection(ProjectConfigurationPlatforms) = postSolution
		{C60E0B49-7030-8890-7F15-57CD1622EE65}.Debug|Any CPU.ActiveCfg = Debug|Any CPU
		{C60E0B49-7030-8890-7F15-57CD1622EE65}.Debug|Any CPU.Build.0 = Debug|Any CPU
		{C60E0B49-7030-8890-7F15-57CD1622EE65}.Release|Any CPU.ActiveCfg = Release|Any CPU
		{C60E0B49-7030-8890-7F15-57CD1622EE65}.Release|Any CPU.Build.0 = Release|Any CPU
		{86E24E52-1097-DA2D-303A-CECED9A6FB6F}.Debug|Any CPU.ActiveCfg = Debug|Any CPU
		{86E24E52-1097-DA2D-303A-CECED9A6FB6F}.Debug|Any CPU.Build.0 = Debug|Any CPU
		{86E24E52-1097-DA2D-303A-CECED9A6FB6F}.Release|Any CPU.ActiveCfg = Release|Any CPU
		{86E24E52-1097-DA2D-303A-CECED9A6FB6F}.Release|Any CPU.Build.0 = Release|Any CPU
	EndGlobalSection
	GlobalSection(SolutionProperties) = preSolution
		HideSolutionNode = FALSE
	EndGlobalSection
EndGlobal
